# This file is automatically @generated by Poetry 2.1.4 and should not be changed by hand.

[[package]]
name = "altgraph"
version = "0.17.4"
description = "Python graph (network) package"
optional = false
python-versions = "*"
groups = ["dev"]
files = [
    {file = "altgraph-0.17.4-py2.py3-none-any.whl", hash = "sha256:642743b4750de17e655e6711601b077bc6598dbfa3ba5fa2b2a35ce12b508dff"},
    {file = "altgraph-0.17.4.tar.gz", hash = "sha256:1b5afbb98f6c4dcadb2e2ae6ab9fa994bbb8c1d75f4fa96d340f9437ae454406"},
]

[[package]]
name = "click"
version = "8.2.1"
description = "Composable command line interface toolkit"
optional = false
python-versions = ">=3.10"
groups = ["main"]
files = [
    {file = "click-8.2.1-py3-none-any.whl", hash = "sha256:61a3265b914e850b85317d0b3109c7f8cd35a670f963866005d6ef1d5175a12b"},
    {file = "click-8.2.1.tar.gz", hash = "sha256:27c491cc05d968d271d5a1db13e3b5a184636d9d930f148c50b038f0d0646202"},
]

[package.dependencies]
colorama = {version = "*", markers = "platform_system == \"Windows\""}

[[package]]
name = "click-default-group"
version = "1.2.4"
description = "click_default_group"
optional = false
python-versions = ">=2.7"
groups = ["main"]
files = [
    {file = "click_default_group-1.2.4-py2.py3-none-any.whl", hash = "sha256:9b60486923720e7fc61731bdb32b617039aba820e22e1c88766b1125592eaa5f"},
    {file = "click_default_group-1.2.4.tar.gz", hash = "sha256:eb3f3c99ec0d456ca6cd2a7f08f7d4e91771bef51b01bdd9580cc6450fe1251e"},
]

[package.dependencies]
click = "*"

[package.extras]
test = ["pytest"]

[[package]]
name = "colorama"
version = "0.4.6"
description = "Cross-platform colored terminal text."
optional = false
python-versions = "!=3.0.*,!=3.1.*,!=3.2.*,!=3.3.*,!=3.4.*,!=3.5.*,!=3.6.*,>=2.7"
groups = ["main", "dev"]
files = [
    {file = "colorama-0.4.6-py2.py3-none-any.whl", hash = "sha256:4f1d9991f5acc0ca119f9d443620b77f9d6b33703e51011c16baf57afb285fc6"},
    {file = "colorama-0.4.6.tar.gz", hash = "sha256:08695f5cb7ed6e0531a20572697297273c47b8cae5a63ffc6d6ed5c201be6e44"},
]
markers = {main = "platform_system == \"Windows\"", dev = "sys_platform == \"win32\""}

[[package]]
name = "fpdf"
version = "1.7.2"
description = "Simple PDF generation for Python"
optional = false
python-versions = "*"
groups = ["main"]
files = [
    {file = "fpdf-1.7.2.tar.gz", hash = "sha256:125840783289e7d12552b1e86ab692c37322e7a65b96a99e0ea86cca041b6779"},
]

[[package]]
name = "iniconfig"
version = "2.1.0"
description = "brain-dead simple config-ini parsing"
optional = false
python-versions = ">=3.8"
groups = ["dev"]
files = [
    {file = "iniconfig-2.1.0-py3-none-any.whl", hash = "sha256:9deba5723312380e77435581c6bf4935c94cbfab9b1ed33ef8d238ea168eb760"},
    {file = "iniconfig-2.1.0.tar.gz", hash = "sha256:3abbd2e30b36733fee78f9c7f7308f2d0050e88f0087fd25c2645f63c773e1c7"},
]

[[package]]
name = "macholib"
version = "1.16.3"
description = "Mach-O header analysis and editing"
optional = false
python-versions = "*"
groups = ["dev"]
markers = "sys_platform == \"darwin\""
files = [
    {file = "macholib-1.16.3-py2.py3-none-any.whl", hash = "sha256:0e315d7583d38b8c77e815b1ecbdbf504a8258d8b3e17b61165c6feb60d18f2c"},
    {file = "macholib-1.16.3.tar.gz", hash = "sha256:07ae9e15e8e4cd9a788013d81f5908b3609aa76f9b1421bae9c4d7606ec86a30"},
]

[package.dependencies]
altgraph = ">=0.17"

[[package]]
name = "packaging"
version = "25.0"
description = "Core utilities for Python packages"
optional = false
python-versions = ">=3.8"
groups = ["dev"]
files = [
    {file = "packaging-25.0-py3-none-any.whl", hash = "sha256:29572ef2b1f17581046b3a2227d5c611fb25ec70ca1ba8554b24b0e69331a484"},
    {file = "packaging-25.0.tar.gz", hash = "sha256:d443872c98d677bf60f6a1f2f8c1cb748e8fe762d2bf9d3148b5599295b0fc4f"},
]

[[package]]
name = "pefile"
version = "2023.2.7"
description = "Python PE parsing module"
optional = false
python-versions = ">=3.6.0"
groups = ["dev"]
markers = "sys_platform == \"win32\""
files = [
    {file = "pefile-2023.2.7-py3-none-any.whl", hash = "sha256:da185cd2af68c08a6cd4481f7325ed600a88f6a813bad9dea07ab3ef73d8d8d6"},
    {file = "pefile-2023.2.7.tar.gz", hash = "sha256:82e6114004b3d6911c77c3953e3838654b04511b8b66e8583db70c65998017dc"},
]

[[package]]
name = "pluggy"
version = "1.6.0"
description = "plugin and hook calling mechanisms for python"
optional = false
python-versions = ">=3.9"
groups = ["main", "dev"]
files = [
    {file = "pluggy-1.6.0-py3-none-any.whl", hash = "sha256:e920276dd6813095e9377c0bc5566d94c932c33b27a3e3945d8389c374dd4746"},
    {file = "pluggy-1.6.0.tar.gz", hash = "sha256:7dcc130b76258d33b90f61b658791dede3486c3e6bfb003ee5c9bfb396dd22f3"},
]

[package.extras]
dev = ["pre-commit", "tox"]
testing = ["coverage", "pytest", "pytest-benchmark"]

[[package]]
name = "pygments"
version = "2.19.2"
description = "Pygments is a syntax highlighting package written in Python."
optional = false
python-versions = ">=3.8"
groups = ["dev"]
files = [
    {file = "pygments-2.19.2-py3-none-any.whl", hash = "sha256:86540386c03d588bb81d44bc3928634ff26449851e99741617ecb9037ee5ec0b"},
    {file = "pygments-2.19.2.tar.gz", hash = "sha256:636cb2477cec7f8952536970bc533bc43743542f70392ae026374600add5b887"},
]

[package.extras]
windows-terminal = ["colorama (>=0.4.6)"]

[[package]]
name = "pyinstaller"
version = "6.15.0"
description = "PyInstaller bundles a Python application and all its dependencies into a single package."
optional = false
python-versions = "<3.15,>=3.8"
groups = ["dev"]
files = [
    {file = "pyinstaller-6.15.0-py3-none-macosx_10_13_universal2.whl", hash = "sha256:9f00c71c40148cd1e61695b2c6f1e086693d3bcf9bfa22ab513aa4254c3b966f"},
    {file = "pyinstaller-6.15.0-py3-none-manylinux2014_aarch64.whl", hash = "sha256:cbcc8eb77320c60722030ac875883b564e00768fe3ff1721c7ba3ad0e0a277e9"},
    {file = "pyinstaller-6.15.0-py3-none-manylinux2014_i686.whl", hash = "sha256:c33e6302bc53db2df1104ed5566bd980b3e0ee7f18416a6e3caa908c12a54542"},
    {file = "pyinstaller-6.15.0-py3-none-manylinux2014_ppc64le.whl", hash = "sha256:eb902d0fed3bb1f8b7190dc4df5c11f3b59505767e0d56d1ed782b853938bbf3"},
    {file = "pyinstaller-6.15.0-py3-none-manylinux2014_s390x.whl", hash = "sha256:b4df862adae7cf1f08eff53c43ace283822447f7f528f72e4f94749062712f15"},
    {file = "pyinstaller-6.15.0-py3-none-manylinux2014_x86_64.whl", hash = "sha256:b9ebf16ed0f99016ae8ae5746dee4cb244848a12941539e62ce2eea1df5a3f95"},
    {file = "pyinstaller-6.15.0-py3-none-musllinux_1_1_aarch64.whl", hash = "sha256:22193489e6a22435417103f61e7950363bba600ef36ec3ab1487303668c81092"},
    {file = "pyinstaller-6.15.0-py3-none-musllinux_1_1_x86_64.whl", hash = "sha256:18f743069849dbaee3e10900385f35795a5743eabab55e99dcc42f204e40a0db"},
    {file = "pyinstaller-6.15.0-py3-none-win32.whl", hash = "sha256:60da8f1b5071766b45c0f607d8bc3d7e59ba2c3b262d08f2e4066ba65f3544a2"},
    {file = "pyinstaller-6.15.0-py3-none-win_amd64.whl", hash = "sha256:cbea297e16eeda30b41c300d6ec2fd2abea4dbd8d8a32650eeec36431c94fcd9"},
    {file = "pyinstaller-6.15.0-py3-none-win_arm64.whl", hash = "sha256:f43c035621742cf2d19b84308c60e4e44e72c94786d176b8f6adcde351b5bd98"},
    {file = "pyinstaller-6.15.0.tar.gz", hash = "sha256:a48fc4644ee4aa2aa2a35e7b51f496f8fbd7eecf6a2150646bbf1613ad07bc2d"},
]

[package.dependencies]
altgraph = "*"
macholib = {version = ">=1.8", markers = "sys_platform == \"darwin\""}
packaging = ">=22.0"
pefile = {version = ">=2022.5.30,<2024.8.26 || >2024.8.26", markers = "sys_platform == \"win32\""}
pyinstaller-hooks-contrib = ">=2025.8"
pywin32-ctypes = {version = ">=0.2.1", markers = "sys_platform == \"win32\""}
setuptools = ">=42.0.0"

[package.extras]
completion = ["argcomplete"]
hook-testing = ["execnet (>=1.5.0)", "psutil", "pytest (>=2.7.3)"]

[[package]]
name = "pyinstaller-hooks-contrib"
version = "2025.8"
description = "Community maintained hooks for PyInstaller"
optional = false
python-versions = ">=3.8"
groups = ["dev"]
files = [
    {file = "pyinstaller_hooks_contrib-2025.8-py3-none-any.whl", hash = "sha256:8d0b8cfa0cb689a619294ae200497374234bd4e3994b3ace2a4442274c899064"},
    {file = "pyinstaller_hooks_contrib-2025.8.tar.gz", hash = "sha256:3402ad41dfe9b5110af134422e37fc5d421ba342c6cb980bd67cb30b7415641c"},
]

[package.dependencies]
packaging = ">=22.0"
setuptools = ">=42.0.0"

[[package]]
name = "pypdf2"
version = "3.0.1"
description = "A pure-python PDF library capable of splitting, merging, cropping, and transforming PDF files"
optional = false
python-versions = ">=3.6"
groups = ["main"]
files = [
    {file = "PyPDF2-3.0.1.tar.gz", hash = "sha256:a74408f69ba6271f71b9352ef4ed03dc53a31aa404d29b5d31f53bfecfee1440"},
    {file = "pypdf2-3.0.1-py3-none-any.whl", hash = "sha256:d16e4205cfee272fbdc0568b68d82be796540b1537508cef59388f839c191928"},
]

[package.extras]
crypto = ["PyCryptodome"]
dev = ["black", "flit", "pip-tools", "pre-commit (<2.18.0)", "pytest-cov", "wheel"]
docs = ["myst_parser", "sphinx", "sphinx_rtd_theme"]
full = ["Pillow", "PyCryptodome"]
image = ["Pillow"]

[[package]]
name = "pytest"
version = "8.4.1"
description = "pytest: simple powerful testing with Python"
optional = false
python-versions = ">=3.9"
groups = ["dev"]
files = [
    {file = "pytest-8.4.1-py3-none-any.whl", hash = "sha256:539c70ba6fcead8e78eebbf1115e8b589e7565830d7d006a8723f19ac8a0afb7"},
    {file = "pytest-8.4.1.tar.gz", hash = "sha256:7c67fd69174877359ed9371ec3af8a3d2b04741818c51e5e99cc1742251fa93c"},
]

[package.dependencies]
colorama = {version = ">=0.4", markers = "sys_platform == \"win32\""}
iniconfig = ">=1"
packaging = ">=20"
pluggy = ">=1.5,<2"
pygments = ">=2.7.2"

[package.extras]
dev = ["argcomplete", "attrs (>=19.2)", "hypothesis (>=3.56)", "mock", "requests", "setuptools", "xmlschema"]

[[package]]
name = "python-dateutil"
version = "2.9.0.post0"
description = "Extensions to the standard Python datetime module"
optional = false
python-versions = "!=3.0.*,!=3.1.*,!=3.2.*,>=2.7"
groups = ["main"]
files = [
    {file = "python-dateutil-2.9.0.post0.tar.gz", hash = "sha256:37dd54208da7e1cd875388217d5e00ebd4179249f90fb72437e91a35459a0ad3"},
    {file = "python_dateutil-2.9.0.post0-py2.py3-none-any.whl", hash = "sha256:a8b2bc7bffae282281c8140a97d3aa9c14da0b136dfe83f850eea9a5f7470427"},
]

[package.dependencies]
six = ">=1.5"

[[package]]
name = "python-dotenv"
version = "1.1.1"
description = "Read key-value pairs from a .env file and set them as environment variables"
optional = false
python-versions = ">=3.9"
groups = ["main"]
files = [
    {file = "python_dotenv-1.1.1-py3-none-any.whl", hash = "sha256:31f23644fe2602f88ff55e1f5c79ba497e01224ee7737937930c448e4d0e24dc"},
    {file = "python_dotenv-1.1.1.tar.gz", hash = "sha256:a8a6399716257f45be6a007360200409fce5cda2661e3dec71d23dc15f6189ab"},
]

[package.extras]
cli = ["click (>=5.0)"]

[[package]]
name = "pywin32-ctypes"
version = "0.2.3"
description = "A (partial) reimplementation of pywin32 using ctypes/cffi"
optional = false
python-versions = ">=3.6"
groups = ["dev"]
markers = "sys_platform == \"win32\""
files = [
    {file = "pywin32-ctypes-0.2.3.tar.gz", hash = "sha256:d162dc04946d704503b2edc4d55f3dba5c1d539ead017afa00142c38b9885755"},
    {file = "pywin32_ctypes-0.2.3-py3-none-any.whl", hash = "sha256:8a1513379d709975552d202d942d9837758905c8d01eb82b8bcc30918929e7b8"},
]

[[package]]
name = "setuptools"
version = "80.9.0"
description = "Easily download, build, install, upgrade, and uninstall Python packages"
optional = false
python-versions = ">=3.9"
groups = ["dev"]
files = [
    {file = "setuptools-80.9.0-py3-none-any.whl", hash = "sha256:062d34222ad13e0cc312a4c02d73f059e86a4acbfbdea8f8f76b28c99f306922"},
    {file = "setuptools-80.9.0.tar.gz", hash = "sha256:f36b47402ecde768dbfafc46e8e4207b4360c654f1f3bb84475f0a28628fb19c"},
]

[package.extras]
check = ["pytest-checkdocs (>=2.4)", "pytest-ruff (>=0.2.1) ; sys_platform != \"cygwin\"", "ruff (>=0.8.0) ; sys_platform != \"cygwin\""]
core = ["importlib_metadata (>=6) ; python_version < \"3.10\"", "jaraco.functools (>=4)", "jaraco.text (>=3.7)", "more_itertools", "more_itertools (>=8.8)", "packaging (>=24.2)", "platformdirs (>=4.2.2)", "tomli (>=2.0.1) ; python_version < \"3.11\"", "wheel (>=0.43.0)"]
cover = ["pytest-cov"]
doc = ["furo", "jaraco.packaging (>=9.3)", "jaraco.tidelift (>=1.4)", "pygments-github-lexers (==0.0.5)", "pyproject-hooks (!=1.1)", "rst.linker (>=1.9)", "sphinx (>=3.5)", "sphinx-favicon", "sphinx-inline-tabs", "sphinx-lint", "sphinx-notfound-page (>=1,<2)", "sphinx-reredirects", "sphinxcontrib-towncrier", "towncrier (<24.7)"]
enabler = ["pytest-enabler (>=2.2)"]
test = ["build[virtualenv] (>=1.0.3)", "filelock (>=3.4.0)", "ini2toml[lite] (>=0.14)", "jaraco.develop (>=7.21) ; python_version >= \"3.9\" and sys_platform != \"cygwin\"", "jaraco.envs (>=2.2)", "jaraco.path (>=3.7.2)", "jaraco.test (>=5.5)", "packaging (>=24.2)", "pip (>=19.1)", "pyproject-hooks (!=1.1)", "pytest (>=6,!=8.1.*)", "pytest-home (>=0.5)", "pytest-perf ; sys_platform != \"cygwin\"", "pytest-subprocess", "pytest-timeout", "pytest-xdist (>=3)", "tomli-w (>=1.0.0)", "virtualenv (>=13.0.0)", "wheel (>=0.44.0)"]
type = ["importlib_metadata (>=7.0.2) ; python_version < \"3.10\"", "jaraco.develop (>=7.21) ; sys_platform != \"cygwin\"", "mypy (==1.14.*)", "pytest-mypy"]

[[package]]
name = "six"
version = "1.17.0"
description = "Python 2 and 3 compatibility utilities"
optional = false
python-versions = "!=3.0.*,!=3.1.*,!=3.2.*,>=2.7"
groups = ["main"]
files = [
    {file = "six-1.17.0-py2.py3-none-any.whl", hash = "sha256:4721f391ed90541fddacab5acf947aa0d3dc7d27b2e1e8eda2be8970586c3274"},
    {file = "six-1.17.0.tar.gz", hash = "sha256:ff70335d468e7eb6ec65b95b99d3a2836546063f63acc5171de367e834932a81"},
]

[[package]]
name = "sqlite-fts4"
version = "1.0.3"
description = "Python functions for working with SQLite FTS4 search"
optional = false
python-versions = "*"
groups = ["main"]
files = [
    {file = "sqlite-fts4-1.0.3.tar.gz", hash = "sha256:78b05eeaf6680e9dbed8986bde011e9c086a06cb0c931b3cf7da94c214e8930c"},
    {file = "sqlite_fts4-1.0.3-py3-none-any.whl", hash = "sha256:0359edd8dea6fd73c848989e1e2b1f31a50fe5f9d7272299ff0e8dbaa62d035f"},
]

[package.extras]
test = ["pytest"]

[[package]]
name = "sqlite-utils"
version = "3.38"
description = "CLI tool and Python library for manipulating SQLite databases"
optional = false
python-versions = ">=3.8"
groups = ["main"]
files = [
    {file = "sqlite_utils-3.38-py3-none-any.whl", hash = "sha256:8a27441015c3b2ef475f555861f7a2592f73bc60d247af9803a11b65fc605bf9"},
    {file = "sqlite_utils-3.38.tar.gz", hash = "sha256:1ae77b931384052205a15478d429464f6c67a3ac3b4eafd3c674ac900f623aab"},
]

[package.dependencies]
click = "*"
click-default-group = ">=1.2.3"
pluggy = "*"
python-dateutil = "*"
sqlite-fts4 = "*"
tabulate = "*"

[package.extras]
docs = ["beanbag-docutils (>=2.0)", "codespell", "furo", "pygments-csv-lexer", "sphinx-autobuild", "sphinx-copybutton"]
flake8 = ["flake8"]
mypy = ["data-science-types", "mypy", "types-click", "types-pluggy", "types-python-dateutil", "types-tabulate"]
test = ["black (>=24.1.1)", "cogapp", "hypothesis", "pytest"]
tui = ["trogon"]

[[package]]
name = "tabulate"
version = "0.9.0"
description = "Pretty-print tabular data"
optional = false
python-versions = ">=3.7"
groups = ["main"]
files = [
    {file = "tabulate-0.9.0-py3-none-any.whl", hash = "sha256:024ca478df22e9340661486f85298cff5f6dcdba14f3813e8830015b9ed1948f"},
    {file = "tabulate-0.9.0.tar.gz", hash = "sha256:0095b12bf5966de529c0feb1fa08671671b3368eec77d7ef7ab114be2c068b3c"},
]

[package.extras]
widechars = ["wcwidth"]

[metadata]
lock-version = "2.1"
python-versions = ">=3.13,<3.15"
content-hash = "1812105b10c124289d4403320527e272ac15aad79fe75c0adef51527d0d58c7a"
